
Microsoft Visual Studio Solution File, Format Version 12.00
# Visual Studio Version 16
VisualStudioVersion = 16.0.33529.622
MinimumVisualStudioVersion = 10.0.40219.1
Project("{FAE04EC0-301F-11D3-BF4B-00C04F79EFBC}") = "CLI-USSD", "CLI-USSD\CLI-USSD.csproj", "{2BD1F628-BA46-499C-9308-70A568962164}"
EndProject
Global
	GlobalSection(SolutionConfigurationPlatforms) = preSolution
		Debug|Any CPU = Debug|Any CPU
		Release|Any CPU = Release|Any CPU
	EndGlobalSection
	GlobalSection(ProjectConfigurationPlatforms) = postSolution
		{2BD1F628-BA46-499C-9308-70A568962164}.Debug|Any CPU.ActiveCfg = Debug|Any CPU
		{2BD1F628-BA46-499C-9308-70A568962164}.Debug|Any CPU.Build.0 = Debug|Any CPU
		{2BD1F628-BA46-499C-9308-70A568962164}.Release|Any CPU.ActiveCfg = Release|Any CPU
		{2BD1F628-BA46-499C-9308-70A568962164}.Release|Any CPU.Build.0 = Release|Any CPU
	EndGlobalSection
	GlobalSection(SolutionProperties) = preSolution
		HideSolutionNode = FALSE
	EndGlobalSection
	GlobalSection(ExtensibilityGlobals) = postSolution
		SolutionGuid = {A71EDD1C-AA56-47BC-9B35-25B6BDC7F04C}
	EndGlobalSection
EndGlobal
